// !$*UTF8*$!
{
	archiveVersion = 1;
	classes = {
	};
	objectVersion = 77;
	objects = {

/* Begin PBXContainerItemProxy section */
		BBD259D82E862A0600FF7697 /* PBXContainerItemProxy */ = {
			isa = PBXContainerItemProxy;
			containerPortal = BBD259C22E862A0400FF7697 /* Project object */;
			proxyType = 1;
			remoteGlobalIDString = BBD259C92E862A0400FF7697;
			remoteInfo = MyMedicine;
		};
		BBD259E22E862A0600FF7697 /* PBXContainerItemProxy */ = {
			isa = PBXContainerItemProxy;
			containerPortal = BBD259C22E862A0400FF7697 /* Project object */;
			proxyType = 1;
			remoteGlobalIDString = BBD259C92E862A0400FF7697;
			remoteInfo = MyMedicine;
		};
/* End PBXContainerItemProxy section */

/* Begin PBXFileReference section */
		BBD259CA2E862A0400FF7697 /* MyMedicine.app */ = {isa = PBXFileReference; explicitFileType = wrapper.application; includeInIndex = 0; path = MyMedicine.app; sourceTree = BUILT_PRODUCTS_DIR; };
		BBD259D72E862A0600FF7697 /* MyMedicineTests.xctest */ = {isa = PBXFileReference; explicitFileType = wrapper.cfbundle; includeInIndex = 0; path = MyMedicineTests.xctest; sourceTree = BUILT_PRODUCTS_DIR; };
		BBD259E12E862A0600FF7697 /* MyMedicineUITests.xctest */ = {isa = PBXFileReference; explicitFileType = wrapper.cfbundle; includeInIndex = 0; path = MyMedicineUITests.xctest; sourceTree = BUILT_PRODUCTS_DIR; };
/* End PBXFileReference section */

/* Begin PBXFileSystemSynchronizedRootGroup section */
		BBD259CC2E862A0400FF7697 /* MyMedicine */ = {
			isa = PBXFileSystemSynchronizedRootGroup;
			path = MyMedicine;
			sourceTree = "<group>";
		};
		BBD259DA2E862A0600FF7697 /* MyMedicineTests */ = {
			isa = PBXFileSystemSynchronizedRootGroup;
			path = MyMedicineTests;
			sourceTree = "<group>";
		};
		BBD259E42E862A0600FF7697 /* MyMedicineUITests */ = {
			isa = PBXFileSystemSynchronizedRootGroup;
			path = MyMedicineUITests;
			sourceTree = "<group>";
		};
/* End PBXFileSystemSynchronizedRootGroup section */

/* Begin PBXFrameworksBuildPhase section */
		BBD259C72E862A0400FF7697 /* Frameworks */ = {
			isa = PBXFrameworksBuildPhase;
			buildActionMask = 2147483647;
			files = (
			);
			runOnlyForDeploymentPostprocessing = 0;
		};
		BBD259D42E862A0600FF7697 /* Frameworks */ = {
			isa = PBXFrameworksBuildPhase;
			buildActionMask = 2147483647;
			files = (
			);
			runOnlyForDeploymentPostprocessing = 0;
		};
		BBD259DE2E862A0600FF7697 /* Frameworks */ = {
			isa = PBXFrameworksBuildPhase;
			buildActionMask = 2147483647;
			files = (
			);
			runOnlyForDeploymentPostprocessing = 0;
		};
/* End PBXFrameworksBuildPhase section */

/* Begin PBXGroup section */
		BBD259C12E862A0400FF7697 = {
			isa = PBXGroup;
			children = (
				BBD259CC2E862A0400FF7697 /* MyMedicine */,
				BBD259DA2E862A0600FF7697 /* MyMedicineTests */,
				BBD259E42E862A0600FF7697 /* MyMedicineUITests */,
				BBD259CB2E862A0400FF7697 /* Products */,
			);
			sourceTree = "<group>";
		};
		BBD259CB2E862A0400FF7697 /* Products */ = {
			isa = PBXGroup;
			children = (
				BBD259CA2E862A0400FF7697 /* MyMedicine.app */,
				BBD259D72E862A0600FF7697 /* MyMedicineTests.xctest */,
				BBD259E12E862A0600FF7697 /* MyMedicineUITests.xctest */,
			);
			name = Products;
			sourceTree = "<group>";
		};
/* End PBXGroup section */

/* Begin PBXNativeTarget section */
		BBD259C92E862A0400FF7697 /* MyMedicine */ = {
			isa = PBXNativeTarget;
			buildConfigurationList = BBD259EB2E862A0600FF7697 /* Build configuration list for PBXNativeTarget "MyMedicine" */;
			buildPhases = (
				BBD259C62E862A0400FF7697 /* Sources */,
				BBD259C72E862A0400FF7697 /* Frameworks */,
				BBD259C82E862A0400FF7697 /* Resources */,
			);
			buildRules = (
			);
			dependencies = (
			);
			fileSystemSynchronizedGroups = (
				BBD259CC2E862A0400FF7697 /* MyMedicine */,
			);
			name = MyMedicine;
			packageProductDependencies = (
			);
			productName = MyMedicine;
			productReference = BBD259CA2E862A0400FF7697 /* MyMedicine.app */;
			productType = "com.apple.product-type.application";
		};
		BBD259D62E862A0600FF7697 /* MyMedicineTests */ = {
			isa = PBXNativeTarget;
			buildConfigurationList = BBD259EE2E862A0600FF7697 /* Build configuration list for PBXNativeTarget "MyMedicineTests" */;
			buildPhases = (
				BBD259D32E862A0600FF7697 /* Sources */,
				BBD259D42E862A0600FF7697 /* Frameworks */,
				BBD259D52E862A0600FF7697 /* Resources */,
			);
			buildRules = (
			);
			dependencies = (
				BBD259D92E862A0600FF7697 /* PBXTargetDependency */,
			);
			fileSystemSynchronizedGroups = (
				BBD259DA2E862A0600FF7697 /* MyMedicineTests */,
			);
			name = MyMedicineTests;
			packageProductDependencies = (
			);
			productName = MyMedicineTests;
			productReference = BBD259D72E862A0600FF7697 /* MyMedicineTests.xctest */;
			productType = "com.apple.product-type.bundle.unit-test";
		};
		BBD259E02E862A0600FF7697 /* MyMedicineUITests */ = {
			isa = PBXNativeTarget;
			buildConfigurationList = BBD259F12E862A0600FF7697 /* Build configuration list for PBXNativeTarget "MyMedicineUITests" */;
			buildPhases = (
				BBD259DD2E862A0600FF7697 /* Sources */,
				BBD259DE2E862A0600FF7697 /* Frameworks */,
				BBD259DF2E862A0600FF7697 /* Resources */,
			);
			buildRules = (
			);
			dependencies = (
				BBD259E32E862A0600FF7697 /* PBXTargetDependency */,
			);
			fileSystemSynchronizedGroups = (
				BBD259E42E862A0600FF7697 /* MyMedicineUITests */,
			);
			name = MyMedicineUITests;
			packageProductDependencies = (
			);
			productName = MyMedicineUITests;
			productReference = BBD259E12E862A0600FF7697 /* MyMedicineUITests.xctest */;
			productType = "com.apple.product-type.bundle.ui-testing";
		};
/* End PBXNativeTarget section */

/* Begin PBXProject section */
		BBD259C22E862A0400FF7697 /* Project object */ = {
			isa = PBXProject;
			attributes = {
				BuildIndependentTargetsInParallel = 1;
				LastSwiftUpdateCheck = 1640;
				LastUpgradeCheck = 1640;
				TargetAttributes = {
					BBD259C92E862A0400FF7697 = {
						CreatedOnToolsVersion = 16.4;
					};
					BBD259D62E862A0600FF7697 = {
						CreatedOnToolsVersion = 16.4;
						TestTargetID = BBD259C92E862A0400FF7697;
					};
					BBD259E02E862A0600FF7697 = {
						CreatedOnToolsVersion = 16.4;
						TestTargetID = BBD259C92E862A0400FF7697;
					};
				};
			};
			buildConfigurationList = BBD259C52E862A0400FF7697 /* Build configuration list for PBXProject "MyMedicine" */;
			developmentRegion = en;
			hasScannedForEncodings = 0;
			knownRegions = (
				en,
				Base,
			);
			mainGroup = BBD259C12E862A0400FF7697;
			minimizedProjectReferenceProxies = 1;
			preferredProjectObjectVersion = 77;
			productRefGroup = BBD259CB2E862A0400FF7697 /* Products */;
			projectDirPath = "";
			projectRoot = "";
			targets = (
				BBD259C92E862A0400FF7697 /* MyMedicine */,
				BBD259D62E862A0600FF7697 /* MyMedicineTests */,
				BBD259E02E862A0600FF7697 /* MyMedicineUITests */,
			);
		};
/* End PBXProject section */

/* Begin PBXResourcesBuildPhase section */
		BBD259C82E862A0400FF7697 /* Resources */ = {
			isa = PBXResourcesBuildPhase;
			buildActionMask = 2147483647;
			files = (
			);
			runOnlyForDeploymentPostprocessing = 0;
		};
		BBD259D52E862A0600FF7697 /* Resources */ = {
			isa = PBXResourcesBuildPhase;
			buildActionMask = 2147483647;
			files = (
			);
			runOnlyForDeploymentPostprocessing = 0;
		};
		BBD259DF2E862A0600FF7697 /* Resources */ = {
			isa = PBXResourcesBuildPhase;
			buildActionMask = 2147483647;
			files = (
			);
			runOnlyForDeploymentPostprocessing = 0;
		};
/* End PBXResourcesBuildPhase section */

/* Begin PBXSourcesBuildPhase section */
		BBD259C62E862A0400FF7697 /* Sources */ = {
			isa = PBXSourcesBuildPhase;
			buildActionMask = 2147483647;
			files = (
			);
			runOnlyForDeploymentPostprocessing = 0;
		};
		BBD259D32E862A0600FF7697 /* Sources */ = {
			isa = PBXSourcesBuildPhase;
			buildActionMask = 2147483647;
			files = (
			);
			runOnlyForDeploymentPostprocessing = 0;
		};
		BBD259DD2E862A0600FF7697 /* Sources */ = {
			isa = PBXSourcesBuildPhase;
			buildActionMask = 2147483647;
			files = (
			);
			runOnlyForDeploymentPostprocessing = 0;
		};
/* End PBXSourcesBuildPhase section */

/* Begin PBXTargetDependency section */
		BBD259D92E862A0600FF7697 /* PBXTargetDependency */ = {
			isa = PBXTargetDependency;
			target = BBD259C92E862A0400FF7697 /* MyMedicine */;
			targetProxy = BBD259D82E862A0600FF7697 /* PBXContainerItemProxy */;
		};
		BBD259E32E862A0600FF7697 /* PBXTargetDependency */ = {
			isa = PBXTargetDependency;
			target = BBD259C92E862A0400FF7697 /* MyMedicine */;
			targetProxy = BBD259E22E862A0600FF7697 /* PBXContainerItemProxy */;
		};
/* End PBXTargetDependency section */

/* Begin XCBuildConfiguration section */
		BBD259E92E862A0600FF7697 /* Debug */ = {
			isa = XCBuildConfiguration;
			buildSettings = {
				ALWAYS_SEARCH_USER_PATHS = NO;
				ASSETCATALOG_COMPILER_GENERATE_SWIFT_ASSET_SYMBOL_EXTENSIONS = YES;
				CLANG_ANALYZER_NONNULL = YES;
				CLANG_ANALYZER_NUMBER_OBJECT_CONVERSION = YES_AGGRESSIVE;
				CLANG_CXX_LANGUAGE_STANDARD = "gnu++20";
				CLANG_ENABLE_MODULES = YES;
				CLANG_ENABLE_OBJC_ARC = YES;
				CLANG_ENABLE_OBJC_WEAK = YES;
				CLANG_WARN_BLOCK_CAPTURE_AUTORELEASING = YES;
				CLANG_WARN_BOOL_CONVERSION = YES;
				CLANG_WARN_COMMA = YES;
				CLANG_WARN_CONSTANT_CONVERSION = YES;
				CLANG_WARN_DEPRECATED_OBJC_IMPLEMENTATIONS = YES;
				CLANG_WARN_DIRECT_OBJC_ISA_USAGE = YES_ERROR;
				CLANG_WARN_DOCUMENTATION_COMMENTS = YES;
				CLANG_WARN_EMPTY_BODY = YES;
				CLANG_WARN_ENUM_CONVERSION = YES;
				CLANG_WARN_INFINITE_RECURSION = YES;
				CLANG_WARN_INT_CONVERSION = YES;
				CLANG_WARN_NON_LITERAL_NULL_CONVERSION = YES;
				CLANG_WARN_OBJC_IMPLICIT_RETAIN_SELF = YES;
				CLANG_WARN_OBJC_LITERAL_CONVERSION = YES;
				CLANG_WARN_OBJC_ROOT_CLASS = YES_ERROR;
				CLANG_WARN_QUOTED_INCLUDE_IN_FRAMEWORK_HEADER = YES;
				CLANG_WARN_RANGE_LOOP_ANALYSIS = YES;
				CLANG_WARN_STRICT_PROTOTYPES = YES;
				CLANG_WARN_SUSPICIOUS_MOVE = YES;
				CLANG_WARN_UNGUARDED_AVAILABILITY = YES_AGGRESSIVE;
				CLANG_WARN_UNREACHABLE_CODE = YES;
				CLANG_WARN__DUPLICATE_METHOD_MATCH = YES;
				COPY_PHASE_STRIP = NO;
				DEBUG_INFORMATION_FORMAT = dwarf;
				ENABLE_STRICT_OBJC_MSGSEND = YES;
				ENABLE_TESTABILITY = YES;
				ENABLE_USER_SCRIPT_SANDBOXING = YES;
				GCC_C_LANGUAGE_STANDARD = gnu17;
				GCC_DYNAMIC_NO_PIC = NO;
				GCC_NO_COMMON_BLOCKS = YES;
				GCC_OPTIMIZATION_LEVEL = 0;
				GCC_PREPROCESSOR_DEFINITIONS = (
					"DEBUG=1",
					"$(inherited)",
				);
				GCC_WARN_64_TO_32_BIT_CONVERSION = YES;
				GCC_WARN_ABOUT_RETURN_TYPE = YES_ERROR;
				GCC_WARN_UNDECLARED_SELECTOR = YES;
				GCC_WARN_UNINITIALIZED_AUTOS = YES_AGGRESSIVE;
				GCC_WARN_UNUSED_FUNCTION = YES;
				GCC_WARN_UNUSED_VARIABLE = YES;
				IPHONEOS_DEPLOYMENT_TARGET = 18.5;
				LOCALIZATION_PREFERS_STRING_CATALOGS = YES;
				MTL_ENABLE_DEBUG_INFO = INCLUDE_SOURCE;
				MTL_FAST_MATH = YES;
				ONLY_ACTIVE_ARCH = YES;
				SDKROOT = iphoneos;
				SWIFT_ACTIVE_COMPILATION_CONDITIONS = "DEBUG $(inherited)";
				SWIFT_OPTIMIZATION_LEVEL = "-Onone";
			};
			name = Debug;
		};
		BBD259EA2E862A0600FF7697 /* Release */ = {
			isa = XCBuildConfiguration;
			buildSettings = {
				ALWAYS_SEARCH_USER_PATHS = NO;
				ASSETCATALOG_COMPILER_GENERATE_SWIFT_ASSET_SYMBOL_EXTENSIONS = YES;
				CLANG_ANALYZER_NONNULL = YES;
				CLANG_ANALYZER_NUMBER_OBJECT_CONVERSION = YES_AGGRESSIVE;
				CLANG_CXX_LANGUAGE_STANDARD = "gnu++20";
				CLANG_ENABLE_MODULES = YES;
				CLANG_ENABLE_OBJC_ARC = YES;
				CLANG_ENABLE_OBJC_WEAK = YES;
				CLANG_WARN_BLOCK_CAPTURE_AUTORELEASING = YES;
				CLANG_WARN_BOOL_CONVERSION = YES;
				CLANG_WARN_COMMA = YES;
				CLANG_WARN_CONSTANT_CONVERSION = YES;
				CLANG_WARN_DEPRECATED_OBJC_IMPLEMENTATIONS = YES;
				CLANG_WARN_DIRECT_OBJC_ISA_USAGE = YES_ERROR;
				CLANG_WARN_DOCUMENTATION_COMMENTS = YES;
				CLANG_WARN_EMPTY_BODY = YES;
				CLANG_WARN_ENUM_CONVERSION = YES;
				CLANG_WARN_INFINITE_RECURSION = YES;
				CLANG_WARN_INT_CONVERSION = YES;
				CLANG_WARN_NON_LITERAL_NULL_CONVERSION = YES;
				CLANG_WARN_OBJC_IMPLICIT_RETAIN_SELF = YES;
				CLANG_WARN_OBJC_LITERAL_CONVERSION = YES;
				CLANG_WARN_OBJC_ROOT_CLASS = YES_ERROR;
				CLANG_WARN_QUOTED_INCLUDE_IN_FRAMEWORK_HEADER = YES;
				CLANG_WARN_RANGE_LOOP_ANALYSIS = YES;
				CLANG_WARN_STRICT_PROTOTYPES = YES;
				CLANG_WARN_SUSPICIOUS_MOVE = YES;
				CLANG_WARN_UNGUARDED_AVAILABILITY = YES_AGGRESSIVE;
				CLANG_WARN_UNREACHABLE_CODE = YES;
				CLANG_WARN__DUPLICATE_METHOD_MATCH = YES;
				COPY_PHASE_STRIP = NO;
				DEBUG_INFORMATION_FORMAT = "dwarf-with-dsym";
				ENABLE_NS_ASSERTIONS = NO;
				ENABLE_STRICT_OBJC_MSGSEND = YES;
				ENABLE_USER_SCRIPT_SANDBOXING = YES;
				GCC_C_LANGUAGE_STANDARD = gnu17;
				GCC_NO_COMMON_BLOCKS = YES;
				GCC_WARN_64_TO_32_BIT_CONVERSION = YES;
				GCC_WARN_ABOUT_RETURN_TYPE = YES_ERROR;
				GCC_WARN_UNDECLARED_SELECTOR = YES;
				GCC_WARN_UNINITIALIZED_AUTOS = YES_AGGRESSIVE;
				GCC_WARN_UNUSED_FUNCTION = YES;
				GCC_WARN_UNUSED_VARIABLE = YES;
				IPHONEOS_DEPLOYMENT_TARGET = 18.5;
				LOCALIZATION_PREFERS_STRING_CATALOGS = YES;
				MTL_ENABLE_DEBUG_INFO = NO;
				MTL_FAST_MATH = YES;
				SDKROOT = iphoneos;
				SWIFT_COMPILATION_MODE = wholemodule;
				VALIDATE_PRODUCT = YES;
			};
			name = Release;
		};
		BBD259EC2E862A0600FF7697 /* Debug */ = {
			isa = XCBuildConfiguration;
			buildSettings = {
				ASSETCATALOG_COMPILER_APPICON_NAME = AppIcon;
				ASSETCATALOG_COMPILER_GLOBAL_ACCENT_COLOR_NAME = AccentColor;
				CODE_SIGN_STYLE = Automatic;
				CURRENT_PROJECT_VERSION = 1;
				ENABLE_PREVIEWS = YES;
				GENERATE_INFOPLIST_FILE = YES;
				INFOPLIST_KEY_UIApplicationSceneManifest_Generation = YES;
				INFOPLIST_KEY_UIApplicationSupportsIndirectInputEvents = YES;
				INFOPLIST_KEY_UILaunchScreen_Generation = YES;
				INFOPLIST_KEY_UISupportedInterfaceOrientations_iPad = "UIInterfaceOrientationPortrait UIInterfaceOrientationPortraitUpsideDown UIInterfaceOrientationLandscapeLeft UIInterfaceOrientationLandscapeRight";
				INFOPLIST_KEY_UISupportedInterfaceOrientations_iPhone = "UIInterfaceOrientationPortrait UIInterfaceOrientationLandscapeLeft UIInterfaceOrientationLandscapeRight";
				LD_RUNPATH_SEARCH_PATHS = (
					"$(inherited)",
					"@executable_path/Frameworks",
				);
				MARKETING_VERSION = 1.0;
				PRODUCT_BUNDLE_IDENTIFIER = com.mateustibaes.MyMedicine;
				PRODUCT_NAME = "$(TARGET_NAME)";
				SWIFT_EMIT_LOC_STRINGS = YES;
				SWIFT_VERSION = 5.0;
				TARGETED_DEVICE_FAMILY = "1,2";
			};
			name = Debug;
		};
		BBD259ED2E862A0600FF7697 /* Release */ = {
			isa = XCBuildConfiguration;
			buildSettings = {
				ASSETCATALOG_COMPILER_APPICON_NAME = AppIcon;
				ASSETCATALOG_COMPILER_GLOBAL_ACCENT_COLOR_NAME = AccentColor;
				CODE_SIGN_STYLE = Automatic;
				CURRENT_PROJECT_VERSION = 1;
				ENABLE_PREVIEWS = YES;
				GENERATE_INFOPLIST_FILE = YES;
				INFOPLIST_KEY_UIApplicationSceneManifest_Generation = YES;
				INFOPLIST_KEY_UIApplicationSupportsIndirectInputEvents = YES;
				INFOPLIST_KEY_UILaunchScreen_Generation = YES;
				INFOPLIST_KEY_UISupportedInterfaceOrientations_iPad = "UIInterfaceOrientationPortrait UIInterfaceOrientationPortraitUpsideDown UIInterfaceOrientationLandscapeLeft UIInterfaceOrientationLandscapeRight";
				INFOPLIST_KEY_UISupportedInterfaceOrientations_iPhone = "UIInterfaceOrientationPortrait UIInterfaceOrientationLandscapeLeft UIInterfaceOrientationLandscapeRight";
				LD_RUNPATH_SEARCH_PATHS = (
					"$(inherited)",
					"@executable_path/Frameworks",
				);
				MARKETING_VERSION = 1.0;
				PRODUCT_BUNDLE_IDENTIFIER = com.mateustibaes.MyMedicine;
				PRODUCT_NAME = "$(TARGET_NAME)";
				SWIFT_EMIT_LOC_STRINGS = YES;
				SWIFT_VERSION = 5.0;
				TARGETED_DEVICE_FAMILY = "1,2";
			};
			name = Release;
		};
		BBD259EF2E862A0600FF7697 /* Debug */ = {
			isa = XCBuildConfiguration;
			buildSettings = {
				BUNDLE_LOADER = "$(TEST_HOST)";
				CODE_SIGN_STYLE = Automatic;
				CURRENT_PROJECT_VERSION = 1;
				GENERATE_INFOPLIST_FILE = YES;
				IPHONEOS_DEPLOYMENT_TARGET = 18.5;
				MARKETING_VERSION = 1.0;
				PRODUCT_BUNDLE_IDENTIFIER = com.mateustibaes.MyMedicineTests;
				PRODUCT_NAME = "$(TARGET_NAME)";
				SWIFT_EMIT_LOC_STRINGS = NO;
				SWIFT_VERSION = 5.0;
				TARGETED_DEVICE_FAMILY = "1,2";
				TEST_HOST = "$(BUILT_PRODUCTS_DIR)/MyMedicine.app/$(BUNDLE_EXECUTABLE_FOLDER_PATH)/MyMedicine";
			};
			name = Debug;
		};
		BBD259F02E862A0600FF7697 /* Release */ = {
			isa = XCBuildConfiguration;
			buildSettings = {
				BUNDLE_LOADER = "$(TEST_HOST)";
				CODE_SIGN_STYLE = Automatic;
				CURRENT_PROJECT_VERSION = 1;
				GENERATE_INFOPLIST_FILE = YES;
				IPHONEOS_DEPLOYMENT_TARGET = 18.5;
				MARKETING_VERSION = 1.0;
				PRODUCT_BUNDLE_IDENTIFIER = com.mateustibaes.MyMedicineTests;
				PRODUCT_NAME = "$(TARGET_NAME)";
				SWIFT_EMIT_LOC_STRINGS = NO;
				SWIFT_VERSION = 5.0;
				TARGETED_DEVICE_FAMILY = "1,2";
				TEST_HOST = "$(BUILT_PRODUCTS_DIR)/MyMedicine.app/$(BUNDLE_EXECUTABLE_FOLDER_PATH)/MyMedicine";
			};
			name = Release;
		};
		BBD259F22E862A0600FF7697 /* Debug */ = {
			isa = XCBuildConfiguration;
			buildSettings = {
				CODE_SIGN_STYLE = Automatic;
				CURRENT_PROJECT_VERSION = 1;
				GENERATE_INFOPLIST_FILE = YES;
				MARKETING_VERSION = 1.0;
				PRODUCT_BUNDLE_IDENTIFIER = com.mateustibaes.MyMedicineUITests;
				PRODUCT_NAME = "$(TARGET_NAME)";
				SWIFT_EMIT_LOC_STRINGS = NO;
				SWIFT_VERSION = 5.0;
				TARGETED_DEVICE_FAMILY = "1,2";
				TEST_TARGET_NAME = MyMedicine;
			};
			name = Debug;
		};
		BBD259F32E862A0600FF7697 /* Release */ = {
			isa = XCBuildConfiguration;
			buildSettings = {
				CODE_SIGN_STYLE = Automatic;
				CURRENT_PROJECT_VERSION = 1;
				GENERATE_INFOPLIST_FILE = YES;
				MARKETING_VERSION = 1.0;
				PRODUCT_BUNDLE_IDENTIFIER = com.mateustibaes.MyMedicineUITests;
				PRODUCT_NAME = "$(TARGET_NAME)";
				SWIFT_EMIT_LOC_STRINGS = NO;
				SWIFT_VERSION = 5.0;
				TARGETED_DEVICE_FAMILY = "1,2";
				TEST_TARGET_NAME = MyMedicine;
			};
			name = Release;
		};
/* End XCBuildConfiguration section */

/* Begin XCConfigurationList section */
		BBD259C52E862A0400FF7697 /* Build configuration list for PBXProject "MyMedicine" */ = {
			isa = XCConfigurationList;
			buildConfigurations = (
				BBD259E92E862A0600FF7697 /* Debug */,
				BBD259EA2E862A0600FF7697 /* Release */,
			);
			defaultConfigurationIsVisible = 0;
			defaultConfigurationName = Release;
		};
		BBD259EB2E862A0600FF7697 /* Build configuration list for PBXNativeTarget "MyMedicine" */ = {
			isa = XCConfigurationList;
			buildConfigurations = (
				BBD259EC2E862A0600FF7697 /* Debug */,
				BBD259ED2E862A0600FF7697 /* Release */,
			);
			defaultConfigurationIsVisible = 0;
			defaultConfigurationName = Release;
		};
		BBD259EE2E862A0600FF7697 /* Build configuration list for PBXNativeTarget "MyMedicineTests" */ = {
			isa = XCConfigurationList;
			buildConfigurations = (
				BBD259EF2E862A0600FF7697 /* Debug */,
				BBD259F02E862A0600FF7697 /* Release */,
			);
			defaultConfigurationIsVisible = 0;
			defaultConfigurationName = Release;
		};
		BBD259F12E862A0600FF7697 /* Build configuration list for PBXNativeTarget "MyMedicineUITests" */ = {
			isa = XCConfigurationList;
			buildConfigurations = (
				BBD259F22E862A0600FF7697 /* Debug */,
				BBD259F32E862A0600FF7697 /* Release */,
			);
			defaultConfigurationIsVisible = 0;
			defaultConfigurationName = Release;
		};
/* End XCConfigurationList section */
	};
	rootObject = BBD259C22E862A0400FF7697 /* Project object */;
}
